
Microsoft Visual Studio Solution File, Format Version 12.00
Project("{FAE04EC0-301F-11D3-BF4B-00C04F79EFBC}") = "DirectoryManager", "DirectoryManager\DirectoryManager.csproj", "{89358252-C3EE-4DB3-8307-0F4C75F59711}"
EndProject
Project("{FAE04EC0-301F-11D3-BF4B-00C04F79EFBC}") = "SchemaConverter", "SchemaConverter\SchemaConverter.csproj", "{80D2456D-AE29-4E3F-841A-4BD17B9D3BF1}"
EndProject
Project("{FAE04EC0-301F-11D3-BF4B-00C04F79EFBC}") = "BasicSchemaGenerator", "BasicSchemaGenerator\BasicSchemaGenerator.csproj", "{0E598C90-A3E4-4EB0-81DB-2B0DD27C0526}"
EndProject
Project("{FAE04EC0-301F-11D3-BF4B-00C04F79EFBC}") = "SchemaValidator", "SchemaValidator\SchemaValidator.csproj", "{7215B2C3-EC17-4215-B2DF-B69D153B88AA}"
EndProject
Project("{FAE04EC0-301F-11D3-BF4B-00C04F79EFBC}") = "EXDCommon", "EXDCommon\EXDCommon.csproj", "{8F4591EE-CFF5-4F8B-8EC9-90A62BC9A180}"
EndProject
Project("{2150E333-8FDC-42A3-9474-1A3956D46DE8}") = "lib", "lib", "{5C037CD8-C1A6-407C-AE18-5F09AE478977}"
EndProject
Project("{FAE04EC0-301F-11D3-BF4B-00C04F79EFBC}") = "ZiPatchLib", "lib\ZiTool\ZiPatchLib\ZiPatchLib.csproj", "{E974175E-D301-4F3F-A8BD-7AC42BD3D9FB}"
EndProject
Project("{FAE04EC0-301F-11D3-BF4B-00C04F79EFBC}") = "SchemaUpdater", "SchemaUpdater\SchemaUpdater.csproj", "{31C1028A-CB73-428B-B2E6-3DE791564840}"
EndProject
Global
	GlobalSection(SolutionConfigurationPlatforms) = preSolution
		Debug|Any CPU = Debug|Any CPU
		Release|Any CPU = Release|Any CPU
	EndGlobalSection
	GlobalSection(ProjectConfigurationPlatforms) = postSolution
		{89358252-C3EE-4DB3-8307-0F4C75F59711}.Debug|Any CPU.ActiveCfg = Debug|Any CPU
		{89358252-C3EE-4DB3-8307-0F4C75F59711}.Debug|Any CPU.Build.0 = Debug|Any CPU
		{89358252-C3EE-4DB3-8307-0F4C75F59711}.Release|Any CPU.ActiveCfg = Release|Any CPU
		{89358252-C3EE-4DB3-8307-0F4C75F59711}.Release|Any CPU.Build.0 = Release|Any CPU
		{80D2456D-AE29-4E3F-841A-4BD17B9D3BF1}.Debug|Any CPU.ActiveCfg = Debug|Any CPU
		{80D2456D-AE29-4E3F-841A-4BD17B9D3BF1}.Debug|Any CPU.Build.0 = Debug|Any CPU
		{80D2456D-AE29-4E3F-841A-4BD17B9D3BF1}.Release|Any CPU.ActiveCfg = Release|Any CPU
		{80D2456D-AE29-4E3F-841A-4BD17B9D3BF1}.Release|Any CPU.Build.0 = Release|Any CPU
		{0E598C90-A3E4-4EB0-81DB-2B0DD27C0526}.Debug|Any CPU.ActiveCfg = Debug|Any CPU
		{0E598C90-A3E4-4EB0-81DB-2B0DD27C0526}.Debug|Any CPU.Build.0 = Debug|Any CPU
		{0E598C90-A3E4-4EB0-81DB-2B0DD27C0526}.Release|Any CPU.ActiveCfg = Release|Any CPU
		{0E598C90-A3E4-4EB0-81DB-2B0DD27C0526}.Release|Any CPU.Build.0 = Release|Any CPU
		{7215B2C3-EC17-4215-B2DF-B69D153B88AA}.Debug|Any CPU.ActiveCfg = Debug|Any CPU
		{7215B2C3-EC17-4215-B2DF-B69D153B88AA}.Debug|Any CPU.Build.0 = Debug|Any CPU
		{7215B2C3-EC17-4215-B2DF-B69D153B88AA}.Release|Any CPU.ActiveCfg = Release|Any CPU
		{7215B2C3-EC17-4215-B2DF-B69D153B88AA}.Release|Any CPU.Build.0 = Release|Any CPU
		{8F4591EE-CFF5-4F8B-8EC9-90A62BC9A180}.Debug|Any CPU.ActiveCfg = Debug|Any CPU
		{8F4591EE-CFF5-4F8B-8EC9-90A62BC9A180}.Debug|Any CPU.Build.0 = Debug|Any CPU
		{8F4591EE-CFF5-4F8B-8EC9-90A62BC9A180}.Release|Any CPU.ActiveCfg = Release|Any CPU
		{8F4591EE-CFF5-4F8B-8EC9-90A62BC9A180}.Release|Any CPU.Build.0 = Release|Any CPU
		{E974175E-D301-4F3F-A8BD-7AC42BD3D9FB}.Debug|Any CPU.ActiveCfg = Debug|Any CPU
		{E974175E-D301-4F3F-A8BD-7AC42BD3D9FB}.Debug|Any CPU.Build.0 = Debug|Any CPU
		{E974175E-D301-4F3F-A8BD-7AC42BD3D9FB}.Release|Any CPU.ActiveCfg = Release|Any CPU
		{E974175E-D301-4F3F-A8BD-7AC42BD3D9FB}.Release|Any CPU.Build.0 = Release|Any CPU
		{31C1028A-CB73-428B-B2E6-3DE791564840}.Debug|Any CPU.ActiveCfg = Debug|Any CPU
		{31C1028A-CB73-428B-B2E6-3DE791564840}.Debug|Any CPU.Build.0 = Debug|Any CPU
		{31C1028A-CB73-428B-B2E6-3DE791564840}.Release|Any CPU.ActiveCfg = Release|Any CPU
		{31C1028A-CB73-428B-B2E6-3DE791564840}.Release|Any CPU.Build.0 = Release|Any CPU
	EndGlobalSection
	GlobalSection(NestedProjects) = preSolution
		{E974175E-D301-4F3F-A8BD-7AC42BD3D9FB} = {5C037CD8-C1A6-407C-AE18-5F09AE478977}
	EndGlobalSection
EndGlobal
